// !$*UTF8*$!
{
	archiveVersion = 1;
	classes = {
	};
	objectVersion = 50;
	objects = {

/* Begin PBXBuildFile section */
		1ED6EDE020EF7C1000CA3E92 /* AppDelegate.m in Sources */ = {isa = PBXBuildFile; fileRef = 1ED6EDDF20EF7C1000CA3E92 /* AppDelegate.m */; };
		1ED6EDE820EF7C1100CA3E92 /* Assets.xcassets in Resources */ = {isa = PBXBuildFile; fileRef = 1ED6EDE720EF7C1100CA3E92 /* Assets.xcassets */; };
		1ED6EDEE20EF7C1100CA3E92 /* main.m in Sources */ = {isa = PBXBuildFile; fileRef = 1ED6EDED20EF7C1100CA3E92 /* main.m */; };
		C7C37C0087AD31E74E583CC7 /* libPods-AppShellProject.a in Frameworks */ = {isa = PBXBuildFile; fileRef = D8D778175FC8983C2414A849 /* libPods-AppShellProject.a */; };
/* End PBXBuildFile section */

/* Begin PBXFileReference section */
		1ED6EDDB20EF7C1000CA3E92 /* AppShellProject.app */ = {isa = PBXFileReference; explicitFileType = wrapper.application; includeInIndex = 0; path = AppShellProject.app; sourceTree = BUILT_PRODUCTS_DIR; };
		1ED6EDDE20EF7C1000CA3E92 /* AppDelegate.h */ = {isa = PBXFileReference; lastKnownFileType = sourcecode.c.h; path = AppDelegate.h; sourceTree = "<group>"; };
		1ED6EDDF20EF7C1000CA3E92 /* AppDelegate.m */ = {isa = PBXFileReference; lastKnownFileType = sourcecode.c.objc; path = AppDelegate.m; sourceTree = "<group>"; };
		1ED6EDE720EF7C1100CA3E92 /* Assets.xcassets */ = {isa = PBXFileReference; lastKnownFileType = folder.assetcatalog; path = Assets.xcassets; sourceTree = "<group>"; };
		1ED6EDEC20EF7C1100CA3E92 /* Info.plist */ = {isa = PBXFileReference; lastKnownFileType = text.plist.xml; path = Info.plist; sourceTree = "<group>"; };
		1ED6EDED20EF7C1100CA3E92 /* main.m */ = {isa = PBXFileReference; lastKnownFileType = sourcecode.c.objc; path = main.m; sourceTree = "<group>"; };
		35EE88CFB059683FA720C235 /* Pods-AppShellProject.release.xcconfig */ = {isa = PBXFileReference; includeInIndex = 1; lastKnownFileType = text.xcconfig; name = "Pods-AppShellProject.release.xcconfig"; path = "Pods/Target Support Files/Pods-AppShellProject/Pods-AppShellProject.release.xcconfig"; sourceTree = "<group>"; };
		695BFE7E92DF32458CAF4579 /* Pods-AppShellProject.debug.xcconfig */ = {isa = PBXFileReference; includeInIndex = 1; lastKnownFileType = text.xcconfig; name = "Pods-AppShellProject.debug.xcconfig"; path = "Pods/Target Support Files/Pods-AppShellProject/Pods-AppShellProject.debug.xcconfig"; sourceTree = "<group>"; };
		D8D778175FC8983C2414A849 /* libPods-AppShellProject.a */ = {isa = PBXFileReference; explicitFileType = archive.ar; includeInIndex = 0; path = "libPods-AppShellProject.a"; sourceTree = BUILT_PRODUCTS_DIR; };
/* End PBXFileReference section */

/* Begin PBXFrameworksBuildPhase section */
		1ED6EDD820EF7C1000CA3E92 /* Frameworks */ = {
			isa = PBXFrameworksBuildPhase;
			buildActionMask = 2147483647;
			files = (
				C7C37C0087AD31E74E583CC7 /* libPods-AppShellProject.a in Frameworks */,
			);
			runOnlyForDeploymentPostprocessing = 0;
		};
/* End PBXFrameworksBuildPhase section */

/* Begin PBXGroup section */
		1ED6EDD220EF7C1000CA3E92 = {
			isa = PBXGroup;
			children = (
				1ED6EDDD20EF7C1000CA3E92 /* AppShellProject */,
				1ED6EDDC20EF7C1000CA3E92 /* Products */,
				A4C17EB00337B7EAB61157A2 /* Pods */,
				9B4568757E91A78EE9EF0786 /* Frameworks */,
			);
			sourceTree = "<group>";
		};
		1ED6EDDC20EF7C1000CA3E92 /* Products */ = {
			isa = PBXGroup;
			children = (
				1ED6EDDB20EF7C1000CA3E92 /* AppShellProject.app */,
			);
			name = Products;
			sourceTree = "<group>";
		};
		1ED6EDDD20EF7C1000CA3E92 /* AppShellProject */ = {
			isa = PBXGroup;
			children = (
				1ED6EDDE20EF7C1000CA3E92 /* AppDelegate.h */,
				1ED6EDDF20EF7C1000CA3E92 /* AppDelegate.m */,
				1ED6EDE720EF7C1100CA3E92 /* Assets.xcassets */,
				1ED6EDEC20EF7C1100CA3E92 /* Info.plist */,
				1ED6EDED20EF7C1100CA3E92 /* main.m */,
			);
			path = AppShellProject;
			sourceTree = "<group>";
		};
		9B4568757E91A78EE9EF0786 /* Frameworks */ = {
			isa = PBXGroup;
			children = (
				D8D778175FC8983C2414A849 /* libPods-AppShellProject.a */,
			);
			name = Frameworks;
			sourceTree = "<group>";
		};
		A4C17EB00337B7EAB61157A2 /* Pods */ = {
			isa = PBXGroup;
			children = (
				695BFE7E92DF32458CAF4579 /* Pods-AppShellProject.debug.xcconfig */,
				35EE88CFB059683FA720C235 /* Pods-AppShellProject.release.xcconfig */,
			);
			name = Pods;
			sourceTree = "<group>";
		};
/* End PBXGroup section */

/* Begin PBXNativeTarget section */
		1ED6EDDA20EF7C1000CA3E92 /* AppShellProject */ = {
			isa = PBXNativeTarget;
			buildConfigurationList = 1ED6EDF120EF7C1100CA3E92 /* Build configuration list for PBXNativeTarget "AppShellProject" */;
			buildPhases = (
				50A0D03CC0AA52948E4283B8 /* [CP] Check Pods Manifest.lock */,
				1ED6EDD720EF7C1000CA3E92 /* Sources */,
				1ED6EDD820EF7C1000CA3E92 /* Frameworks */,
				1ED6EDD920EF7C1000CA3E92 /* Resources */,
				8C3873AD475FC261EF1536F8 /* [CP] Embed Pods Frameworks */,
				77DF1FD5149C666D4C8B0179 /* [CP] Copy Pods Resources */,
			);
			buildRules = (
			);
			dependencies = (
			);
			name = AppShellProject;
			productName = AppShellProject;
			productReference = 1ED6EDDB20EF7C1000CA3E92 /* AppShellProject.app */;
			productType = "com.apple.product-type.application";
		};
/* End PBXNativeTarget section */

/* Begin PBXProject section */
		1ED6EDD320EF7C1000CA3E92 /* Project object */ = {
			isa = PBXProject;
			attributes = {
				LastUpgradeCheck = 0940;
				ORGANIZATIONNAME = apple.com.Td;
				TargetAttributes = {
					1ED6EDDA20EF7C1000CA3E92 = {
						CreatedOnToolsVersion = 9.4.1;
					};
				};
			};
			buildConfigurationList = 1ED6EDD620EF7C1000CA3E92 /* Build configuration list for PBXProject "AppShellProject" */;
			compatibilityVersion = "Xcode 9.3";
			developmentRegion = en;
			hasScannedForEncodings = 0;
			knownRegions = (
				en,
				Base,
			);
			mainGroup = 1ED6EDD220EF7C1000CA3E92;
			productRefGroup = 1ED6EDDC20EF7C1000CA3E92 /* Products */;
			projectDirPath = "";
			projectRoot = "";
			targets = (
				1ED6EDDA20EF7C1000CA3E92 /* AppShellProject */,
			);
		};
/* End PBXProject section */

/* Begin PBXResourcesBuildPhase section */
		1ED6EDD920EF7C1000CA3E92 /* Resources */ = {
			isa = PBXResourcesBuildPhase;
			buildActionMask = 2147483647;
			files = (
				1ED6EDE820EF7C1100CA3E92 /* Assets.xcassets in Resources */,
			);
			runOnlyForDeploymentPostprocessing = 0;
		};
/* End PBXResourcesBuildPhase section */

/* Begin PBXShellScriptBuildPhase section */
		50A0D03CC0AA52948E4283B8 /* [CP] Check Pods Manifest.lock */ = {
			isa = PBXShellScriptBuildPhase;
			buildActionMask = 2147483647;
			files = (
			);
			inputPaths = (
				"${PODS_PODFILE_DIR_PATH}/Podfile.lock",
				"${PODS_ROOT}/Manifest.lock",
			);
			name = "[CP] Check Pods Manifest.lock";
			outputPaths = (
				"$(DERIVED_FILE_DIR)/Pods-AppShellProject-checkManifestLockResult.txt",
			);
			runOnlyForDeploymentPostprocessing = 0;
			shellPath = /bin/sh;
			shellScript = "diff \"${PODS_PODFILE_DIR_PATH}/Podfile.lock\" \"${PODS_ROOT}/Manifest.lock\" > /dev/null\nif [ $? != 0 ] ; then\n    # print error to STDERR\n    echo \"error: The sandbox is not in sync with the Podfile.lock. Run 'pod install' or update your CocoaPods installation.\" >&2\n    exit 1\nfi\n# This output is used by Xcode 'outputs' to avoid re-running this script phase.\necho \"SUCCESS\" > \"${SCRIPT_OUTPUT_FILE_0}\"\n";
			showEnvVarsInLog = 0;
		};
		77DF1FD5149C666D4C8B0179 /* [CP] Copy Pods Resources */ = {
			isa = PBXShellScriptBuildPhase;
			buildActionMask = 2147483647;
			files = (
			);
			inputPaths = (
			);
			name = "[CP] Copy Pods Resources";
			outputPaths = (
			);
			runOnlyForDeploymentPostprocessing = 0;
			shellPath = /bin/sh;
			shellScript = "\"${SRCROOT}/Pods/Target Support Files/Pods-AppShellProject/Pods-AppShellProject-resources.sh\"\n";
			showEnvVarsInLog = 0;
		};
		8C3873AD475FC261EF1536F8 /* [CP] Embed Pods Frameworks */ = {
			isa = PBXShellScriptBuildPhase;
			buildActionMask = 2147483647;
			files = (
			);
			inputPaths = (
			);
			name = "[CP] Embed Pods Frameworks";
			outputPaths = (
			);
			runOnlyForDeploymentPostprocessing = 0;
			shellPath = /bin/sh;
			shellScript = "\"${SRCROOT}/Pods/Target Support Files/Pods-AppShellProject/Pods-AppShellProject-frameworks.sh\"\n";
			showEnvVarsInLog = 0;
		};
/* End PBXShellScriptBuildPhase section */

/* Begin PBXSourcesBuildPhase section */
		1ED6EDD720EF7C1000CA3E92 /* Sources */ = {
			isa = PBXSourcesBuildPhase;
			buildActionMask = 2147483647;
			files = (
				1ED6EDEE20EF7C1100CA3E92 /* main.m in Sources */,
				1ED6EDE020EF7C1000CA3E92 /* AppDelegate.m in Sources */,
			);
			runOnlyForDeploymentPostprocessing = 0;
		};
/* End PBXSourcesBuildPhase section */

/* Begin XCBuildConfiguration section */
		1ED6EDEF20EF7C1100CA3E92 /* Debug */ = {
			isa = XCBuildConfiguration;
			buildSettings = {
				ALWAYS_SEARCH_USER_PATHS = NO;
				CLANG_ANALYZER_NONNULL = YES;
				CLANG_ANALYZER_NUMBER_OBJECT_CONVERSION = YES_AGGRESSIVE;
				CLANG_CXX_LANGUAGE_STANDARD = "gnu++14";
				CLANG_CXX_LIBRARY = "libc++";
				CLANG_ENABLE_MODULES = YES;
				CLANG_ENABLE_OBJC_ARC = YES;
				CLANG_ENABLE_OBJC_WEAK = YES;
				CLANG_WARN_BLOCK_CAPTURE_AUTORELEASING = YES;
				CLANG_WARN_BOOL_CONVERSION = YES;
				CLANG_WARN_COMMA = YES;
				CLANG_WARN_CONSTANT_CONVERSION = YES;
				CLANG_WARN_DEPRECATED_OBJC_IMPLEMENTATIONS = YES;
				CLANG_WARN_DIRECT_OBJC_ISA_USAGE = YES_ERROR;
				CLANG_WARN_DOCUMENTATION_COMMENTS = YES;
				CLANG_WARN_EMPTY_BODY = YES;
				CLANG_WARN_ENUM_CONVERSION = YES;
				CLANG_WARN_INFINITE_RECURSION = YES;
				CLANG_WARN_INT_CONVERSION = YES;
				CLANG_WARN_NON_LITERAL_NULL_CONVERSION = YES;
				CLANG_WARN_OBJC_IMPLICIT_RETAIN_SELF = YES;
				CLANG_WARN_OBJC_LITERAL_CONVERSION = YES;
				CLANG_WARN_OBJC_ROOT_CLASS = YES_ERROR;
				CLANG_WARN_RANGE_LOOP_ANALYSIS = YES;
				CLANG_WARN_STRICT_PROTOTYPES = YES;
				CLANG_WARN_SUSPICIOUS_MOVE = YES;
				CLANG_WARN_UNGUARDED_AVAILABILITY = YES_AGGRESSIVE;
				CLANG_WARN_UNREACHABLE_CODE = YES;
				CLANG_WARN__DUPLICATE_METHOD_MATCH = YES;
				CODE_SIGN_IDENTITY = "iPhone Developer";
				COPY_PHASE_STRIP = NO;
				DEBUG_INFORMATION_FORMAT = dwarf;
				ENABLE_STRICT_OBJC_MSGSEND = YES;
				ENABLE_TESTABILITY = YES;
				GCC_C_LANGUAGE_STANDARD = gnu11;
				GCC_DYNAMIC_NO_PIC = NO;
				GCC_NO_COMMON_BLOCKS = YES;
				GCC_OPTIMIZATION_LEVEL = 0;
				GCC_PREPROCESSOR_DEFINITIONS = (
					"DEBUG=1",
					"$(inherited)",
				);
				GCC_WARN_64_TO_32_BIT_CONVERSION = YES;
				GCC_WARN_ABOUT_RETURN_TYPE = YES_ERROR;
				GCC_WARN_UNDECLARED_SELECTOR = YES;
				GCC_WARN_UNINITIALIZED_AUTOS = YES_AGGRESSIVE;
				GCC_WARN_UNUSED_FUNCTION = YES;
				GCC_WARN_UNUSED_VARIABLE = YES;
				IPHONEOS_DEPLOYMENT_TARGET = 11.4;
				MTL_ENABLE_DEBUG_INFO = YES;
				ONLY_ACTIVE_ARCH = YES;
				SDKROOT = iphoneos;
			};
			name = Debug;
		};
		1ED6EDF020EF7C1100CA3E92 /* Release */ = {
			isa = XCBuildConfiguration;
			buildSettings = {
				ALWAYS_SEARCH_USER_PATHS = NO;
				CLANG_ANALYZER_NONNULL = YES;
				CLANG_ANALYZER_NUMBER_OBJECT_CONVERSION = YES_AGGRESSIVE;
				CLANG_CXX_LANGUAGE_STANDARD = "gnu++14";
				CLANG_CXX_LIBRARY = "libc++";
				CLANG_ENABLE_MODULES = YES;
				CLANG_ENABLE_OBJC_ARC = YES;
				CLANG_ENABLE_OBJC_WEAK = YES;
				CLANG_WARN_BLOCK_CAPTURE_AUTORELEASING = YES;
				CLANG_WARN_BOOL_CONVERSION = YES;
				CLANG_WARN_COMMA = YES;
				CLANG_WARN_CONSTANT_CONVERSION = YES;
				CLANG_WARN_DEPRECATED_OBJC_IMPLEMENTATIONS = YES;
				CLANG_WARN_DIRECT_OBJC_ISA_USAGE = YES_ERROR;
				CLANG_WARN_DOCUMENTATION_COMMENTS = YES;
				CLANG_WARN_EMPTY_BODY = YES;
				CLANG_WARN_ENUM_CONVERSION = YES;
				CLANG_WARN_INFINITE_RECURSION = YES;
				CLANG_WARN_INT_CONVERSION = YES;
				CLANG_WARN_NON_LITERAL_NULL_CONVERSION = YES;
				CLANG_WARN_OBJC_IMPLICIT_RETAIN_SELF = YES;
				CLANG_WARN_OBJC_LITERAL_CONVERSION = YES;
				CLANG_WARN_OBJC_ROOT_CLASS = YES_ERROR;
				CLANG_WARN_RANGE_LOOP_ANALYSIS = YES;
				CLANG_WARN_STRICT_PROTOTYPES = YES;
				CLANG_WARN_SUSPICIOUS_MOVE = YES;
				CLANG_WARN_UNGUARDED_AVAILABILITY = YES_AGGRESSIVE;
				CLANG_WARN_UNREACHABLE_CODE = YES;
				CLANG_WARN__DUPLICATE_METHOD_MATCH = YES;
				CODE_SIGN_IDENTITY = "iPhone Developer";
				COPY_PHASE_STRIP = NO;
				DEBUG_INFORMATION_FORMAT = "dwarf-with-dsym";
				ENABLE_NS_ASSERTIONS = NO;
				ENABLE_STRICT_OBJC_MSGSEND = YES;
				GCC_C_LANGUAGE_STANDARD = gnu11;
				GCC_NO_COMMON_BLOCKS = YES;
				GCC_WARN_64_TO_32_BIT_CONVERSION = YES;
				GCC_WARN_ABOUT_RETURN_TYPE = YES_ERROR;
				GCC_WARN_UNDECLARED_SELECTOR = YES;
				GCC_WARN_UNINITIALIZED_AUTOS = YES_AGGRESSIVE;
				GCC_WARN_UNUSED_FUNCTION = YES;
				GCC_WARN_UNUSED_VARIABLE = YES;
				IPHONEOS_DEPLOYMENT_TARGET = 11.4;
				MTL_ENABLE_DEBUG_INFO = NO;
				SDKROOT = iphoneos;
				VALIDATE_PRODUCT = YES;
			};
			name = Release;
		};
		1ED6EDF220EF7C1100CA3E92 /* Debug */ = {
			isa = XCBuildConfiguration;
			baseConfigurationReference = 695BFE7E92DF32458CAF4579 /* Pods-AppShellProject.debug.xcconfig */;
			buildSettings = {
				ASSETCATALOG_COMPILER_APPICON_NAME = AppIcon;
				CODE_SIGN_STYLE = Automatic;
				DEVELOPMENT_TEAM = 2G6QZ64794;
				INFOPLIST_FILE = AppShellProject/Info.plist;
				LD_RUNPATH_SEARCH_PATHS = (
					"$(inherited)",
					"@executable_path/Frameworks",
				);
				PRODUCT_BUNDLE_IDENTIFIER = huyajun.AppShellProject;
				PRODUCT_NAME = "$(TARGET_NAME)";
				TARGETED_DEVICE_FAMILY = 1;
			};
			name = Debug;
		};
		1ED6EDF320EF7C1100CA3E92 /* Release */ = {
			isa = XCBuildConfiguration;
			baseConfigurationReference = 35EE88CFB059683FA720C235 /* Pods-AppShellProject.release.xcconfig */;
			buildSettings = {
				ASSETCATALOG_COMPILER_APPICON_NAME = AppIcon;
				CODE_SIGN_STYLE = Automatic;
				DEVELOPMENT_TEAM = 2G6QZ64794;
				INFOPLIST_FILE = AppShellProject/Info.plist;
				LD_RUNPATH_SEARCH_PATHS = (
					"$(inherited)",
					"@executable_path/Frameworks",
				);
				PRODUCT_BUNDLE_IDENTIFIER = huyajun.AppShellProject;
				PRODUCT_NAME = "$(TARGET_NAME)";
				TARGETED_DEVICE_FAMILY = 1;
			};
			name = Release;
		};
/* End XCBuildConfiguration section */

/* Begin XCConfigurationList section */
		1ED6EDD620EF7C1000CA3E92 /* Build configuration list for PBXProject "AppShellProject" */ = {
			isa = XCConfigurationList;
			buildConfigurations = (
				1ED6EDEF20EF7C1100CA3E92 /* Debug */,
				1ED6EDF020EF7C1100CA3E92 /* Release */,
			);
			defaultConfigurationIsVisible = 0;
			defaultConfigurationName = Release;
		};
		1ED6EDF120EF7C1100CA3E92 /* Build configuration list for PBXNativeTarget "AppShellProject" */ = {
			isa = XCConfigurationList;
			buildConfigurations = (
				1ED6EDF220EF7C1100CA3E92 /* Debug */,
				1ED6EDF320EF7C1100CA3E92 /* Release */,
			);
			defaultConfigurationIsVisible = 0;
			defaultConfigurationName = Release;
		};
/* End XCConfigurationList section */
	};
	rootObject = 1ED6EDD320EF7C1000CA3E92 /* Project object */;
}
